// !$*UTF8*$!
{
	archiveVersion = 1;
	classes = {
	};
	objectVersion = 55;
	objects = {

/* Begin PBXBuildFile section */
		723A7B6327BAE435006BCA2B /* RecipeFeaturedView.swift in Sources */ = {isa = PBXBuildFile; fileRef = 723A7B6227BAE435006BCA2B /* RecipeFeaturedView.swift */; };
		725EBF9427B2EB8300A11986 /* RecipeApp.swift in Sources */ = {isa = PBXBuildFile; fileRef = 725EBF9327B2EB8300A11986 /* RecipeApp.swift */; };
		725EBF9627B2EB8300A11986 /* ContentView.swift in Sources */ = {isa = PBXBuildFile; fileRef = 725EBF9527B2EB8300A11986 /* ContentView.swift */; };
		725EBF9827B2EB8400A11986 /* Assets.xcassets in Resources */ = {isa = PBXBuildFile; fileRef = 725EBF9727B2EB8400A11986 /* Assets.xcassets */; };
		725EBF9B27B2EB8400A11986 /* Preview Assets.xcassets in Resources */ = {isa = PBXBuildFile; fileRef = 725EBF9A27B2EB8400A11986 /* Preview Assets.xcassets */; };
		725EBFA727B2ED1600A11986 /* data.json in Resources */ = {isa = PBXBuildFile; fileRef = 725EBFA627B2ED1600A11986 /* data.json */; };
		725EBFAA27B2EDCC00A11986 /* Recipe.swift in Sources */ = {isa = PBXBuildFile; fileRef = 725EBFA827B2EDAD00A11986 /* Recipe.swift */; };
		725EBFAC27B2EF0600A11986 /* RecipeModel.swift in Sources */ = {isa = PBXBuildFile; fileRef = 725EBFAB27B2EF0600A11986 /* RecipeModel.swift */; };
		725EBFAE27B2F05800A11986 /* ServiceClass.swift in Sources */ = {isa = PBXBuildFile; fileRef = 725EBFAD27B2F05800A11986 /* ServiceClass.swift */; };
		725EBFCA27B3079000A11986 /* RecipeDetailView.swift in Sources */ = {isa = PBXBuildFile; fileRef = 725EBFC927B3079000A11986 /* RecipeDetailView.swift */; };
		72FAEED727B991D6002BE719 /* RecipeTabView.swift in Sources */ = {isa = PBXBuildFile; fileRef = 72FAEED627B991D6002BE719 /* RecipeTabView.swift */; };
/* End PBXBuildFile section */

/* Begin PBXFileReference section */
		723A7B6227BAE435006BCA2B /* RecipeFeaturedView.swift */ = {isa = PBXFileReference; lastKnownFileType = sourcecode.swift; name = RecipeFeaturedView.swift; path = ../../../../RecipeFeaturedView.swift; sourceTree = "<group>"; };
		725EBF9027B2EB8300A11986 /* RecipeApp.app */ = {isa = PBXFileReference; explicitFileType = wrapper.application; includeInIndex = 0; path = RecipeApp.app; sourceTree = BUILT_PRODUCTS_DIR; };
		725EBF9327B2EB8300A11986 /* RecipeApp.swift */ = {isa = PBXFileReference; lastKnownFileType = sourcecode.swift; path = RecipeApp.swift; sourceTree = "<group>"; };
		725EBF9527B2EB8300A11986 /* ContentView.swift */ = {isa = PBXFileReference; lastKnownFileType = sourcecode.swift; path = ContentView.swift; sourceTree = "<group>"; };
		725EBF9727B2EB8400A11986 /* Assets.xcassets */ = {isa = PBXFileReference; lastKnownFileType = folder.assetcatalog; path = Assets.xcassets; sourceTree = "<group>"; };
		725EBF9A27B2EB8400A11986 /* Preview Assets.xcassets */ = {isa = PBXFileReference; lastKnownFileType = folder.assetcatalog; path = "Preview Assets.xcassets"; sourceTree = "<group>"; };
		725EBFA627B2ED1600A11986 /* data.json */ = {isa = PBXFileReference; lastKnownFileType = text.json; path = data.json; sourceTree = "<group>"; };
		725EBFA827B2EDAD00A11986 /* Recipe.swift */ = {isa = PBXFileReference; lastKnownFileType = sourcecode.swift; path = Recipe.swift; sourceTree = "<group>"; };
		725EBFAB27B2EF0600A11986 /* RecipeModel.swift */ = {isa = PBXFileReference; lastKnownFileType = sourcecode.swift; path = RecipeModel.swift; sourceTree = "<group>"; };
		725EBFAD27B2F05800A11986 /* ServiceClass.swift */ = {isa = PBXFileReference; lastKnownFileType = sourcecode.swift; path = ServiceClass.swift; sourceTree = "<group>"; };
		725EBFC927B3079000A11986 /* RecipeDetailView.swift */ = {isa = PBXFileReference; lastKnownFileType = sourcecode.swift; path = RecipeDetailView.swift; sourceTree = "<group>"; };
		72FAEED627B991D6002BE719 /* RecipeTabView.swift */ = {isa = PBXFileReference; lastKnownFileType = sourcecode.swift; path = RecipeTabView.swift; sourceTree = "<group>"; };
/* End PBXFileReference section */

/* Begin PBXFrameworksBuildPhase section */
		725EBF8D27B2EB8300A11986 /* Frameworks */ = {
			isa = PBXFrameworksBuildPhase;
			buildActionMask = 2147483647;
			files = (
			);
			runOnlyForDeploymentPostprocessing = 0;
		};
/* End PBXFrameworksBuildPhase section */

/* Begin PBXGroup section */
		725EBF8727B2EB8300A11986 = {
			isa = PBXGroup;
			children = (
				725EBF9227B2EB8300A11986 /* RecipeApp */,
				725EBF9127B2EB8300A11986 /* Products */,
			);
			sourceTree = "<group>";
		};
		725EBF9127B2EB8300A11986 /* Products */ = {
			isa = PBXGroup;
			children = (
				725EBF9027B2EB8300A11986 /* RecipeApp.app */,
			);
			name = Products;
			sourceTree = "<group>";
		};
		725EBF9227B2EB8300A11986 /* RecipeApp */ = {
			isa = PBXGroup;
			children = (
				725EBFA227B2EC2C00A11986 /* ViewModels */,
				725EBFA327B2EC3300A11986 /* Models */,
				725EBFA127B2EC2400A11986 /* View */,
				725EBFA527B2EC4400A11986 /* Services */,
				725EBFA427B2EC3F00A11986 /* Data */,
				725EBF9327B2EB8300A11986 /* RecipeApp.swift */,
				725EBF9727B2EB8400A11986 /* Assets.xcassets */,
				725EBF9927B2EB8400A11986 /* Preview Content */,
			);
			path = RecipeApp;
			sourceTree = "<group>";
		};
		725EBF9927B2EB8400A11986 /* Preview Content */ = {
			isa = PBXGroup;
			children = (
				725EBF9A27B2EB8400A11986 /* Preview Assets.xcassets */,
			);
			path = "Preview Content";
			sourceTree = "<group>";
		};
		725EBFA127B2EC2400A11986 /* View */ = {
			isa = PBXGroup;
			children = (
				725EBF9527B2EB8300A11986 /* ContentView.swift */,
				725EBFC927B3079000A11986 /* RecipeDetailView.swift */,
				72FAEED627B991D6002BE719 /* RecipeTabView.swift */,
				723A7B6227BAE435006BCA2B /* RecipeFeaturedView.swift */,
			);
			path = View;
			sourceTree = "<group>";
		};
		725EBFA227B2EC2C00A11986 /* ViewModels */ = {
			isa = PBXGroup;
			children = (
				725EBFAB27B2EF0600A11986 /* RecipeModel.swift */,
			);
			path = ViewModels;
			sourceTree = "<group>";
		};
		725EBFA327B2EC3300A11986 /* Models */ = {
			isa = PBXGroup;
			children = (
				725EBFA827B2EDAD00A11986 /* Recipe.swift */,
			);
			path = Models;
			sourceTree = "<group>";
		};
		725EBFA427B2EC3F00A11986 /* Data */ = {
			isa = PBXGroup;
			children = (
				725EBFA627B2ED1600A11986 /* data.json */,
			);
			path = Data;
			sourceTree = "<group>";
		};
		725EBFA527B2EC4400A11986 /* Services */ = {
			isa = PBXGroup;
			children = (
				725EBFAD27B2F05800A11986 /* ServiceClass.swift */,
			);
			path = Services;
			sourceTree = "<group>";
		};
/* End PBXGroup section */

/* Begin PBXNativeTarget section */
		725EBF8F27B2EB8300A11986 /* RecipeApp */ = {
			isa = PBXNativeTarget;
			buildConfigurationList = 725EBF9E27B2EB8400A11986 /* Build configuration list for PBXNativeTarget "RecipeApp" */;
			buildPhases = (
				725EBF8C27B2EB8300A11986 /* Sources */,
				725EBF8D27B2EB8300A11986 /* Frameworks */,
				725EBF8E27B2EB8300A11986 /* Resources */,
			);
			buildRules = (
			);
			dependencies = (
			);
			name = RecipeApp;
			productName = RecipeApp;
			productReference = 725EBF9027B2EB8300A11986 /* RecipeApp.app */;
			productType = "com.apple.product-type.application";
		};
/* End PBXNativeTarget section */

/* Begin PBXProject section */
		725EBF8827B2EB8300A11986 /* Project object */ = {
			isa = PBXProject;
			attributes = {
				BuildIndependentTargetsInParallel = 1;
				LastSwiftUpdateCheck = 1320;
				LastUpgradeCheck = 1320;
				TargetAttributes = {
					725EBF8F27B2EB8300A11986 = {
						CreatedOnToolsVersion = 13.2.1;
					};
				};
			};
			buildConfigurationList = 725EBF8B27B2EB8300A11986 /* Build configuration list for PBXProject "RecipeApp" */;
			compatibilityVersion = "Xcode 13.0";
			developmentRegion = en;
			hasScannedForEncodings = 0;
			knownRegions = (
				en,
				Base,
			);
			mainGroup = 725EBF8727B2EB8300A11986;
			productRefGroup = 725EBF9127B2EB8300A11986 /* Products */;
			projectDirPath = "";
			projectRoot = "";
			targets = (
				725EBF8F27B2EB8300A11986 /* RecipeApp */,
			);
		};
/* End PBXProject section */

/* Begin PBXResourcesBuildPhase section */
		725EBF8E27B2EB8300A11986 /* Resources */ = {
			isa = PBXResourcesBuildPhase;
			buildActionMask = 2147483647;
			files = (
				725EBF9B27B2EB8400A11986 /* Preview Assets.xcassets in Resources */,
				725EBFA727B2ED1600A11986 /* data.json in Resources */,
				725EBF9827B2EB8400A11986 /* Assets.xcassets in Resources */,
			);
			runOnlyForDeploymentPostprocessing = 0;
		};
/* End PBXResourcesBuildPhase section */

/* Begin PBXSourcesBuildPhase section */
		725EBF8C27B2EB8300A11986 /* Sources */ = {
			isa = PBXSourcesBuildPhase;
			buildActionMask = 2147483647;
			files = (
				725EBFAA27B2EDCC00A11986 /* Recipe.swift in Sources */,
				725EBFCA27B3079000A11986 /* RecipeDetailView.swift in Sources */,
				725EBFAC27B2EF0600A11986 /* RecipeModel.swift in Sources */,
				725EBF9627B2EB8300A11986 /* ContentView.swift in Sources */,
				725EBFAE27B2F05800A11986 /* ServiceClass.swift in Sources */,
				725EBF9427B2EB8300A11986 /* RecipeApp.swift in Sources */,
				723A7B6327BAE435006BCA2B /* RecipeFeaturedView.swift in Sources */,
				72FAEED727B991D6002BE719 /* RecipeTabView.swift in Sources */,
			);
			runOnlyForDeploymentPostprocessing = 0;
		};
/* End PBXSourcesBuildPhase section */

/* Begin XCBuildConfiguration section */
		725EBF9C27B2EB8400A11986 /* Debug */ = {
			isa = XCBuildConfiguration;
			buildSettings = {
				ALWAYS_SEARCH_USER_PATHS = NO;
				CLANG_ANALYZER_NONNULL = YES;
				CLANG_ANALYZER_NUMBER_OBJECT_CONVERSION = YES_AGGRESSIVE;
				CLANG_CXX_LANGUAGE_STANDARD = "gnu++17";
				CLANG_CXX_LIBRARY = "libc++";
				CLANG_ENABLE_MODULES = YES;
				CLANG_ENABLE_OBJC_ARC = YES;
				CLANG_ENABLE_OBJC_WEAK = YES;
				CLANG_WARN_BLOCK_CAPTURE_AUTORELEASING = YES;
				CLANG_WARN_BOOL_CONVERSION = YES;
				CLANG_WARN_COMMA = YES;
				CLANG_WARN_CONSTANT_CONVERSION = YES;
				CLANG_WARN_DEPRECATED_OBJC_IMPLEMENTATIONS = YES;
				CLANG_WARN_DIRECT_OBJC_ISA_USAGE = YES_ERROR;
				CLANG_WARN_DOCUMENTATION_COMMENTS = YES;
				CLANG_WARN_EMPTY_BODY = YES;
				CLANG_WARN_ENUM_CONVERSION = YES;
				CLANG_WARN_INFINITE_RECURSION = YES;
				CLANG_WARN_INT_CONVERSION = YES;
				CLANG_WARN_NON_LITERAL_NULL_CONVERSION = YES;
				CLANG_WARN_OBJC_IMPLICIT_RETAIN_SELF = YES;
				CLANG_WARN_OBJC_LITERAL_CONVERSION = YES;
				CLANG_WARN_OBJC_ROOT_CLASS = YES_ERROR;
				CLANG_WARN_QUOTED_INCLUDE_IN_FRAMEWORK_HEADER = YES;
				CLANG_WARN_RANGE_LOOP_ANALYSIS = YES;
				CLANG_WARN_STRICT_PROTOTYPES = YES;
				CLANG_WARN_SUSPICIOUS_MOVE = YES;
				CLANG_WARN_UNGUARDED_AVAILABILITY = YES_AGGRESSIVE;
				CLANG_WARN_UNREACHABLE_CODE = YES;
				CLANG_WARN__DUPLICATE_METHOD_MATCH = YES;
				COPY_PHASE_STRIP = NO;
				DEBUG_INFORMATION_FORMAT = dwarf;
				ENABLE_STRICT_OBJC_MSGSEND = YES;
				ENABLE_TESTABILITY = YES;
				GCC_C_LANGUAGE_STANDARD = gnu11;
				GCC_DYNAMIC_NO_PIC = NO;
				GCC_NO_COMMON_BLOCKS = YES;
				GCC_OPTIMIZATION_LEVEL = 0;
				GCC_PREPROCESSOR_DEFINITIONS = (
					"DEBUG=1",
					"$(inherited)",
				);
				GCC_WARN_64_TO_32_BIT_CONVERSION = YES;
				GCC_WARN_ABOUT_RETURN_TYPE = YES_ERROR;
				GCC_WARN_UNDECLARED_SELECTOR = YES;
				GCC_WARN_UNINITIALIZED_AUTOS = YES_AGGRESSIVE;
				GCC_WARN_UNUSED_FUNCTION = YES;
				GCC_WARN_UNUSED_VARIABLE = YES;
				IPHONEOS_DEPLOYMENT_TARGET = 15.2;
				MTL_ENABLE_DEBUG_INFO = INCLUDE_SOURCE;
				MTL_FAST_MATH = YES;
				ONLY_ACTIVE_ARCH = YES;
				SDKROOT = iphoneos;
				SWIFT_ACTIVE_COMPILATION_CONDITIONS = DEBUG;
				SWIFT_OPTIMIZATION_LEVEL = "-Onone";
			};
			name = Debug;
		};
		725EBF9D27B2EB8400A11986 /* Release */ = {
			isa = XCBuildConfiguration;
			buildSettings = {
				ALWAYS_SEARCH_USER_PATHS = NO;
				CLANG_ANALYZER_NONNULL = YES;
				CLANG_ANALYZER_NUMBER_OBJECT_CONVERSION = YES_AGGRESSIVE;
				CLANG_CXX_LANGUAGE_STANDARD = "gnu++17";
				CLANG_CXX_LIBRARY = "libc++";
				CLANG_ENABLE_MODULES = YES;
				CLANG_ENABLE_OBJC_ARC = YES;
				CLANG_ENABLE_OBJC_WEAK = YES;
				CLANG_WARN_BLOCK_CAPTURE_AUTORELEASING = YES;
				CLANG_WARN_BOOL_CONVERSION = YES;
				CLANG_WARN_COMMA = YES;
				CLANG_WARN_CONSTANT_CONVERSION = YES;
				CLANG_WARN_DEPRECATED_OBJC_IMPLEMENTATIONS = YES;
				CLANG_WARN_DIRECT_OBJC_ISA_USAGE = YES_ERROR;
				CLANG_WARN_DOCUMENTATION_COMMENTS = YES;
				CLANG_WARN_EMPTY_BODY = YES;
				CLANG_WARN_ENUM_CONVERSION = YES;
				CLANG_WARN_INFINITE_RECURSION = YES;
				CLANG_WARN_INT_CONVERSION = YES;
				CLANG_WARN_NON_LITERAL_NULL_CONVERSION = YES;
				CLANG_WARN_OBJC_IMPLICIT_RETAIN_SELF = YES;
				CLANG_WARN_OBJC_LITERAL_CONVERSION = YES;
				CLANG_WARN_OBJC_ROOT_CLASS = YES_ERROR;
				CLANG_WARN_QUOTED_INCLUDE_IN_FRAMEWORK_HEADER = YES;
				CLANG_WARN_RANGE_LOOP_ANALYSIS = YES;
				CLANG_WARN_STRICT_PROTOTYPES = YES;
				CLANG_WARN_SUSPICIOUS_MOVE = YES;
				CLANG_WARN_UNGUARDED_AVAILABILITY = YES_AGGRESSIVE;
				CLANG_WARN_UNREACHABLE_CODE = YES;
				CLANG_WARN__DUPLICATE_METHOD_MATCH = YES;
				COPY_PHASE_STRIP = NO;
				DEBUG_INFORMATION_FORMAT = "dwarf-with-dsym";
				ENABLE_NS_ASSERTIONS = NO;
				ENABLE_STRICT_OBJC_MSGSEND = YES;
				GCC_C_LANGUAGE_STANDARD = gnu11;
				GCC_NO_COMMON_BLOCKS = YES;
				GCC_WARN_64_TO_32_BIT_CONVERSION = YES;
				GCC_WARN_ABOUT_RETURN_TYPE = YES_ERROR;
				GCC_WARN_UNDECLARED_SELECTOR = YES;
				GCC_WARN_UNINITIALIZED_AUTOS = YES_AGGRESSIVE;
				GCC_WARN_UNUSED_FUNCTION = YES;
				GCC_WARN_UNUSED_VARIABLE = YES;
				IPHONEOS_DEPLOYMENT_TARGET = 15.2;
				MTL_ENABLE_DEBUG_INFO = NO;
				MTL_FAST_MATH = YES;
				SDKROOT = iphoneos;
				SWIFT_COMPILATION_MODE = wholemodule;
				SWIFT_OPTIMIZATION_LEVEL = "-O";
				VALIDATE_PRODUCT = YES;
			};
			name = Release;
		};
		725EBF9F27B2EB8400A11986 /* Debug */ = {
			isa = XCBuildConfiguration;
			buildSettings = {
				ASSETCATALOG_COMPILER_APPICON_NAME = AppIcon;
				ASSETCATALOG_COMPILER_GLOBAL_ACCENT_COLOR_NAME = AccentColor;
				CODE_SIGN_STYLE = Automatic;
				CURRENT_PROJECT_VERSION = 1;
				DEVELOPMENT_ASSET_PATHS = "\"RecipeApp/Preview Content\"";
				ENABLE_PREVIEWS = YES;
				GENERATE_INFOPLIST_FILE = YES;
				INFOPLIST_KEY_UIApplicationSceneManifest_Generation = YES;
				INFOPLIST_KEY_UIApplicationSupportsIndirectInputEvents = YES;
				INFOPLIST_KEY_UILaunchScreen_Generation = YES;
				INFOPLIST_KEY_UISupportedInterfaceOrientations_iPad = "UIInterfaceOrientationPortrait UIInterfaceOrientationPortraitUpsideDown UIInterfaceOrientationLandscapeLeft UIInterfaceOrientationLandscapeRight";
				INFOPLIST_KEY_UISupportedInterfaceOrientations_iPhone = "UIInterfaceOrientationPortrait UIInterfaceOrientationLandscapeLeft UIInterfaceOrientationLandscapeRight";
				LD_RUNPATH_SEARCH_PATHS = (
					"$(inherited)",
					"@executable_path/Frameworks",
				);
				MARKETING_VERSION = 1.0;
				PRODUCT_BUNDLE_IDENTIFIER = com.timadudich.RecipeApp;
				PRODUCT_NAME = "$(TARGET_NAME)";
				SWIFT_EMIT_LOC_STRINGS = YES;
				SWIFT_VERSION = 5.0;
				TARGETED_DEVICE_FAMILY = "1,2";
			};
			name = Debug;
		};
		725EBFA027B2EB8400A11986 /* Release */ = {
			isa = XCBuildConfiguration;
			buildSettings = {
				ASSETCATALOG_COMPILER_APPICON_NAME = AppIcon;
				ASSETCATALOG_COMPILER_GLOBAL_ACCENT_COLOR_NAME = AccentColor;
				CODE_SIGN_STYLE = Automatic;
				CURRENT_PROJECT_VERSION = 1;
				DEVELOPMENT_ASSET_PATHS = "\"RecipeApp/Preview Content\"";
				ENABLE_PREVIEWS = YES;
				GENERATE_INFOPLIST_FILE = YES;
				INFOPLIST_KEY_UIApplicationSceneManifest_Generation = YES;
				INFOPLIST_KEY_UIApplicationSupportsIndirectInputEvents = YES;
				INFOPLIST_KEY_UILaunchScreen_Generation = YES;
				INFOPLIST_KEY_UISupportedInterfaceOrientations_iPad = "UIInterfaceOrientationPortrait UIInterfaceOrientationPortraitUpsideDown UIInterfaceOrientationLandscapeLeft UIInterfaceOrientationLandscapeRight";
				INFOPLIST_KEY_UISupportedInterfaceOrientations_iPhone = "UIInterfaceOrientationPortrait UIInterfaceOrientationLandscapeLeft UIInterfaceOrientationLandscapeRight";
				LD_RUNPATH_SEARCH_PATHS = (
					"$(inherited)",
					"@executable_path/Frameworks",
				);
				MARKETING_VERSION = 1.0;
				PRODUCT_BUNDLE_IDENTIFIER = com.timadudich.RecipeApp;
				PRODUCT_NAME = "$(TARGET_NAME)";
				SWIFT_EMIT_LOC_STRINGS = YES;
				SWIFT_VERSION = 5.0;
				TARGETED_DEVICE_FAMILY = "1,2";
			};
			name = Release;
		};
/* End XCBuildConfiguration section */

/* Begin XCConfigurationList section */
		725EBF8B27B2EB8300A11986 /* Build configuration list for PBXProject "RecipeApp" */ = {
			isa = XCConfigurationList;
			buildConfigurations = (
				725EBF9C27B2EB8400A11986 /* Debug */,
				725EBF9D27B2EB8400A11986 /* Release */,
			);
			defaultConfigurationIsVisible = 0;
			defaultConfigurationName = Release;
		};
		725EBF9E27B2EB8400A11986 /* Build configuration list for PBXNativeTarget "RecipeApp" */ = {
			isa = XCConfigurationList;
			buildConfigurations = (
				725EBF9F27B2EB8400A11986 /* Debug */,
				725EBFA027B2EB8400A11986 /* Release */,
			);
			defaultConfigurationIsVisible = 0;
			defaultConfigurationName = Release;
		};
/* End XCConfigurationList section */
	};
	rootObject = 725EBF8827B2EB8300A11986 /* Project object */;
}
